{
  "name": "sitecore-jss-angular-forms",
  "version": "1.0.0",
  "lockfileVersion": 1,
  "requires": true,
  "dependencies": {
    "@angular/core": {
      "version": "9.1.9",
      "resolved": "https://registry.npmjs.org/@angular/core/-/core-9.1.9.tgz",
      "integrity": "sha512-q/DERgVU6vK2LtTcdVCGGBcoO424WsEfImh3Vcuy+P/ZVmthlDUC/+q+tSKt8MMf4hLpxFDQJE8vUSkktj7QEw==",
      "dev": true
    },
    "@angular/forms": {
      "version": "9.1.9",
      "resolved": "https://registry.npmjs.org/@angular/forms/-/forms-9.1.9.tgz",
      "integrity": "sha512-r675yImnb/0pY7K5W3V2ITa7YETu1I2AS+bRfII6UQ6gthyeFFOHb5noa7YneC2yqQiM6E4DQmF5ig3daPuFNg==",
      "dev": true
    },
    "@sitecore-jss/sitecore-jss": {
      "version": "13.0.2",
      "resolved": "https://registry.npmjs.org/@sitecore-jss/sitecore-jss/-/sitecore-jss-13.0.2.tgz",
      "integrity": "sha512-cnQdyr2WShbC0tWcu+PChK99MKRP5IqPNGh+NOstDU8WCNaVyec3yICTtIflgq34jsXtuADozPJ+GjcjLYZtgw==",
      "dev": true,
      "requires": {
        "lodash.unescape": "^4.0.1",
        "url-parse": "^1.4.7"
      }
    },
    "@sitecore-jss/sitecore-jss-angular": {
      "version": "13.0.2",
      "resolved": "https://registry.npmjs.org/@sitecore-jss/sitecore-jss-angular/-/sitecore-jss-angular-13.0.2.tgz",
      "integrity": "sha512-2LlwOeWJ1p6/qnAbXBbn4hKjKOEfiAV06ftfu/6Wi0FdvjM56TIX9X2ZlHI4kHKCjx04GKZ7tgmrEaxrKCGEgA==",
      "dev": true,
      "requires": {
        "@sitecore-jss/sitecore-jss": "^13.0.2"
      }
    },
    "@sitecore-jss/sitecore-jss-forms": {
      "version": "13.0.5",
      "resolved": "https://registry.npmjs.org/@sitecore-jss/sitecore-jss-forms/-/sitecore-jss-forms-13.0.5.tgz",
      "integrity": "sha512-jqm8rniNvrpu9j5vkECPRCGSp6NmaISDgeYVEriIyouzKShiocNGpr8HJfGWTx4HH9Gl9maUPRZcyx4APtcEYA==",
      "dev": true,
      "requires": {
        "@sitecore-jss/sitecore-jss": "^13.0.2"
      }
    },
    "lodash.unescape": {
      "version": "4.0.1",
      "resolved": "https://registry.npmjs.org/lodash.unescape/-/lodash.unescape-4.0.1.tgz",
      "integrity": "sha1-vyJJiGzlFM2hEvrpIYzcBlIR/Jw=",
      "dev": true
    },
    "querystringify": {
      "version": "2.1.1",
      "resolved": "https://registry.npmjs.org/querystringify/-/querystringify-2.1.1.tgz",
      "integrity": "sha512-w7fLxIRCRT7U8Qu53jQnJyPkYZIaR4n5151KMfcJlO/A9397Wxb1amJvROTK6TOnp7PfoAmg/qXiNHI+08jRfA==",
      "dev": true
    },
    "requires-port": {
      "version": "1.0.0",
      "resolved": "https://registry.npmjs.org/requires-port/-/requires-port-1.0.0.tgz",
      "integrity": "sha1-kl0mAdOaxIXgkc8NpcbmlNw9yv8=",
      "dev": true
    },
    "url-parse": {
      "version": "1.4.7",
      "resolved": "https://registry.npmjs.org/url-parse/-/url-parse-1.4.7.tgz",
      "integrity": "sha512-d3uaVyzDB9tQoSXFvuSUNFibTd9zxd2bkVrDRvF5TmvWWQwqE4lgYJ5m+x1DbecWkw+LK4RNl2CU1hHuOKPVlg==",
      "dev": true,
      "requires": {
        "querystringify": "^2.1.1",
        "requires-port": "^1.0.0"
      }
    }
  }
}
